
Microsoft Visual Studio Solution File, Format Version 12.00
# Visual Studio Version 17
VisualStudioVersion = 17.0.31903.59
MinimumVisualStudioVersion = 10.0.40219.1
Project("{FAE04EC0-301F-11D3-BF4B-00C04F79EFBC}") = "Server", "Server\API.csproj", "{EE49AB57-BB9F-4DA3-997B-4C43711A11FB}"
EndProject
Global
	GlobalSection(SolutionConfigurationPlatforms) = preSolution
		Debug|Any CPU = Debug|Any CPU
		Release|Any CPU = Release|Any CPU
	EndGlobalSection
	GlobalSection(SolutionProperties) = preSolution
		HideSolutionNode = FALSE
	EndGlobalSection
	GlobalSection(ProjectConfigurationPlatforms) = postSolution
		{EE49AB57-BB9F-4DA3-997B-4C43711A11FB}.Debug|Any CPU.ActiveCfg = Debug|Any CPU
		{EE49AB57-BB9F-4DA3-997B-4C43711A11FB}.Debug|Any CPU.Build.0 = Debug|Any CPU
		{EE49AB57-BB9F-4DA3-997B-4C43711A11FB}.Release|Any CPU.ActiveCfg = Release|Any CPU
		{EE49AB57-BB9F-4DA3-997B-4C43711A11FB}.Release|Any CPU.Build.0 = Release|Any CPU
	EndGlobalSection
EndGlobal
